
Microsoft Visual Studio Solution File, Format Version 12.00
# Visual Studio Version 17
VisualStudioVersion = 17.0.32112.339
MinimumVisualStudioVersion = 10.0.40219.1
Project("{FAE04EC0-301F-11D3-BF4B-00C04F79EFBC}") = "Converter", "Converter.csproj", "{1FFD14C8-014A-4945-9644-DECF055AEC87}"
EndProject
Global
	GlobalSection(SolutionConfigurationPlatforms) = preSolution
		Debug|Any CPU = Debug|Any CPU
		Release|Any CPU = Release|Any CPU
	EndGlobalSection
	GlobalSection(ProjectConfigurationPlatforms) = postSolution
		{1FFD14C8-014A-4945-9644-DECF055AEC87}.Debug|Any CPU.ActiveCfg = Debug|Any CPU
		{1FFD14C8-014A-4945-9644-DECF055AEC87}.Debug|Any CPU.Build.0 = Debug|Any CPU
		{1FFD14C8-014A-4945-9644-DECF055AEC87}.Release|Any CPU.ActiveCfg = Release|Any CPU
		{1FFD14C8-014A-4945-9644-DECF055AEC87}.Release|Any CPU.Build.0 = Release|Any CPU
	EndGlobalSection
	GlobalSection(SolutionProperties) = preSolution
		HideSolutionNode = FALSE
	EndGlobalSection
	GlobalSection(ExtensibilityGlobals) = postSolution
		SolutionGuid = {E4CB6576-9A08-4E50-A700-73D9D5AC2CE5}
	EndGlobalSection
EndGlobal
